
Microsoft Visual Studio Solution File, Format Version 12.00
# Visual Studio Version 17
VisualStudioVersion = 17.9.34728.123
MinimumVisualStudioVersion = 10.0.40219.1
Project("{FAE04EC0-301F-11D3-BF4B-00C04F79EFBC}") = "BebidasAlcoholicas", "BebidasAlcoholicas\BebidasAlcoholicas.csproj", "{A0D6477E-CB1B-4E05-9674-74784FFDC123}"
EndProject
Global
	GlobalSection(SolutionConfigurationPlatforms) = preSolution
		Debug|Any CPU = Debug|Any CPU
		Release|Any CPU = Release|Any CPU
	EndGlobalSection
	GlobalSection(ProjectConfigurationPlatforms) = postSolution
		{A0D6477E-CB1B-4E05-9674-74784FFDC123}.Debug|Any CPU.ActiveCfg = Debug|Any CPU
		{A0D6477E-CB1B-4E05-9674-74784FFDC123}.Debug|Any CPU.Build.0 = Debug|Any CPU
		{A0D6477E-CB1B-4E05-9674-74784FFDC123}.Release|Any CPU.ActiveCfg = Release|Any CPU
		{A0D6477E-CB1B-4E05-9674-74784FFDC123}.Release|Any CPU.Build.0 = Release|Any CPU
	EndGlobalSection
	GlobalSection(SolutionProperties) = preSolution
		HideSolutionNode = FALSE
	EndGlobalSection
	GlobalSection(ExtensibilityGlobals) = postSolution
		SolutionGuid = {D272BD52-0A36-4FD1-829E-72C2A634DFD6}
	EndGlobalSection
EndGlobal
